// !$*UTF8*$!
{
	archiveVersion = 1;
	classes = {
	};
	objectVersion = 51;
	objects = {

/* Begin PBXBuildFile section */
		26F2CD44A4DE5A61C37CC700 /* Pods_PlaceFinder.framework in Frameworks */ = {isa = PBXBuildFile; fileRef = 75A262A044047A88B699F08C /* Pods_PlaceFinder.framework */; };
		528D77A2254386BD000FC383 /* PlaceInformationView.xib in Resources */ = {isa = PBXBuildFile; fileRef = 528D77A1254386BD000FC383 /* PlaceInformationView.xib */; };
		52F7E43E253C9580003387EE /* AppDelegate.swift in Sources */ = {isa = PBXBuildFile; fileRef = 52F7E43D253C9580003387EE /* AppDelegate.swift */; };
		52F7E440253C9580003387EE /* SceneDelegate.swift in Sources */ = {isa = PBXBuildFile; fileRef = 52F7E43F253C9580003387EE /* SceneDelegate.swift */; };
		52F7E442253C9580003387EE /* ViewController.swift in Sources */ = {isa = PBXBuildFile; fileRef = 52F7E441253C9580003387EE /* ViewController.swift */; };
		52F7E445253C9580003387EE /* Main.storyboard in Resources */ = {isa = PBXBuildFile; fileRef = 52F7E443253C9580003387EE /* Main.storyboard */; };
		52F7E447253C9585003387EE /* Assets.xcassets in Resources */ = {isa = PBXBuildFile; fileRef = 52F7E446253C9585003387EE /* Assets.xcassets */; };
		52F7E44A253C9585003387EE /* LaunchScreen.storyboard in Resources */ = {isa = PBXBuildFile; fileRef = 52F7E448253C9585003387EE /* LaunchScreen.storyboard */; };
		52F7E459253C96FB003387EE /* Constants.swift in Sources */ = {isa = PBXBuildFile; fileRef = 52F7E458253C96FB003387EE /* Constants.swift */; };
		52F7E45B253C9742003387EE /* ServiceManager.swift in Sources */ = {isa = PBXBuildFile; fileRef = 52F7E45A253C9742003387EE /* ServiceManager.swift */; };
		52F7E45F253C9AF5003387EE /* LocationHandler.swift in Sources */ = {isa = PBXBuildFile; fileRef = 52F7E45E253C9AF5003387EE /* LocationHandler.swift */; };
		52F7E461253C9B3B003387EE /* AlertHandler.swift in Sources */ = {isa = PBXBuildFile; fileRef = 52F7E460253C9B3B003387EE /* AlertHandler.swift */; };
		52F7E46B253C9C83003387EE /* Place.swift in Sources */ = {isa = PBXBuildFile; fileRef = 52F7E46A253C9C83003387EE /* Place.swift */; };
		52F7E46D253C9CC0003387EE /* GooglePlaceViewController.swift in Sources */ = {isa = PBXBuildFile; fileRef = 52F7E46C253C9CC0003387EE /* GooglePlaceViewController.swift */; };
		52F7E46F253C9CEF003387EE /* SearchPlaceViewModel.swift in Sources */ = {isa = PBXBuildFile; fileRef = 52F7E46E253C9CEF003387EE /* SearchPlaceViewModel.swift */; };
		52F7E472253C9EE6003387EE /* UIApplication+Ext.swift in Sources */ = {isa = PBXBuildFile; fileRef = 52F7E471253C9EE6003387EE /* UIApplication+Ext.swift */; };
		52F7E475253CA4FA003387EE /* iOSPlaceViewController.swift in Sources */ = {isa = PBXBuildFile; fileRef = 52F7E474253CA4FA003387EE /* iOSPlaceViewController.swift */; };
		52F7E477253D29E8003387EE /* CustomAnnotations.swift in Sources */ = {isa = PBXBuildFile; fileRef = 52F7E476253D29E8003387EE /* CustomAnnotations.swift */; };
		52F7E47B253D5447003387EE /* SearchTableViewCell.swift in Sources */ = {isa = PBXBuildFile; fileRef = 52F7E479253D5447003387EE /* SearchTableViewCell.swift */; };
		52F7E47C253D5447003387EE /* SearchTableViewCell.xib in Resources */ = {isa = PBXBuildFile; fileRef = 52F7E47A253D5447003387EE /* SearchTableViewCell.xib */; };
		52F7E480253D77E8003387EE /* CategoriesViewController.swift in Sources */ = {isa = PBXBuildFile; fileRef = 52F7E47E253D77E7003387EE /* CategoriesViewController.swift */; };
		52F7E484253D78EF003387EE /* PlaceDetails.swift in Sources */ = {isa = PBXBuildFile; fileRef = 52F7E483253D78EF003387EE /* PlaceDetails.swift */; };
		52F7E487253E095B003387EE /* UIView+Ext.swift in Sources */ = {isa = PBXBuildFile; fileRef = 52F7E486253E095A003387EE /* UIView+Ext.swift */; };
		52F7E48A253E0C99003387EE /* MarkerView.xib in Resources */ = {isa = PBXBuildFile; fileRef = 52F7E489253E0C99003387EE /* MarkerView.xib */; };
		52F7E48C253E0CE8003387EE /* MarkerView.swift in Sources */ = {isa = PBXBuildFile; fileRef = 52F7E48B253E0CE8003387EE /* MarkerView.swift */; };
		52F7E48E253E0E99003387EE /* UIImageView+Ext.swift in Sources */ = {isa = PBXBuildFile; fileRef = 52F7E48D253E0E99003387EE /* UIImageView+Ext.swift */; };
		52F7E491253F3DE5003387EE /* CategoriesDataSource.swift in Sources */ = {isa = PBXBuildFile; fileRef = 52F7E490253F3DE5003387EE /* CategoriesDataSource.swift */; };
		52F7E493253F40B3003387EE /* AnnotationHandler.swift in Sources */ = {isa = PBXBuildFile; fileRef = 52F7E492253F40B3003387EE /* AnnotationHandler.swift */; };
		52F7E497253F7861003387EE /* SearchComplitionResults.swift in Sources */ = {isa = PBXBuildFile; fileRef = 52F7E496253F7861003387EE /* SearchComplitionResults.swift */; };
		52F7E49D25411D51003387EE /* AnnotationTableViewCell.swift in Sources */ = {isa = PBXBuildFile; fileRef = 52F7E49B25411D51003387EE /* AnnotationTableViewCell.swift */; };
		52F7E49E25411D51003387EE /* AnnotationTableViewCell.xib in Resources */ = {isa = PBXBuildFile; fileRef = 52F7E49C25411D51003387EE /* AnnotationTableViewCell.xib */; };
		52F7E4A525414ACE003387EE /* CustomAnnotationView.swift in Sources */ = {isa = PBXBuildFile; fileRef = 52F7E4A425414ACD003387EE /* CustomAnnotationView.swift */; };
		52F7E4A92541EBF2003387EE /* PlaceInformationView.swift in Sources */ = {isa = PBXBuildFile; fileRef = 52F7E4A82541EBF2003387EE /* PlaceInformationView.swift */; };
		52F7E4E125429B01003387EE /* Geocoder.swift in Sources */ = {isa = PBXBuildFile; fileRef = 52F7E4E025429B01003387EE /* Geocoder.swift */; };
		52F7E4E32542A494003387EE /* LocalSearch.swift in Sources */ = {isa = PBXBuildFile; fileRef = 52F7E4E22542A494003387EE /* LocalSearch.swift */; };
/* End PBXBuildFile section */

/* Begin PBXFileReference section */
		208D81ECA9CEF268E0BFC9CC /* Pods-PlaceFinder.release.xcconfig */ = {isa = PBXFileReference; includeInIndex = 1; lastKnownFileType = text.xcconfig; name = "Pods-PlaceFinder.release.xcconfig"; path = "Target Support Files/Pods-PlaceFinder/Pods-PlaceFinder.release.xcconfig"; sourceTree = "<group>"; };
		39E460FB4ACC3FC246F56C56 /* Pods-PlaceFinder.debug.xcconfig */ = {isa = PBXFileReference; includeInIndex = 1; lastKnownFileType = text.xcconfig; name = "Pods-PlaceFinder.debug.xcconfig"; path = "Target Support Files/Pods-PlaceFinder/Pods-PlaceFinder.debug.xcconfig"; sourceTree = "<group>"; };
		528D77A1254386BD000FC383 /* PlaceInformationView.xib */ = {isa = PBXFileReference; lastKnownFileType = file.xib; path = PlaceInformationView.xib; sourceTree = "<group>"; };
		52F7E43A253C9580003387EE /* PlaceFinder.app */ = {isa = PBXFileReference; explicitFileType = wrapper.application; includeInIndex = 0; path = PlaceFinder.app; sourceTree = BUILT_PRODUCTS_DIR; };
		52F7E43D253C9580003387EE /* AppDelegate.swift */ = {isa = PBXFileReference; lastKnownFileType = sourcecode.swift; path = AppDelegate.swift; sourceTree = "<group>"; };
		52F7E43F253C9580003387EE /* SceneDelegate.swift */ = {isa = PBXFileReference; lastKnownFileType = sourcecode.swift; path = SceneDelegate.swift; sourceTree = "<group>"; };
		52F7E441253C9580003387EE /* ViewController.swift */ = {isa = PBXFileReference; lastKnownFileType = sourcecode.swift; path = ViewController.swift; sourceTree = "<group>"; };
		52F7E444253C9580003387EE /* Base */ = {isa = PBXFileReference; lastKnownFileType = file.storyboard; name = Base; path = Base.lproj/Main.storyboard; sourceTree = "<group>"; };
		52F7E446253C9585003387EE /* Assets.xcassets */ = {isa = PBXFileReference; lastKnownFileType = folder.assetcatalog; path = Assets.xcassets; sourceTree = "<group>"; };
		52F7E449253C9585003387EE /* Base */ = {isa = PBXFileReference; lastKnownFileType = file.storyboard; name = Base; path = Base.lproj/LaunchScreen.storyboard; sourceTree = "<group>"; };
		52F7E44B253C9585003387EE /* Info.plist */ = {isa = PBXFileReference; lastKnownFileType = text.plist.xml; path = Info.plist; sourceTree = "<group>"; };
		52F7E458253C96FB003387EE /* Constants.swift */ = {isa = PBXFileReference; lastKnownFileType = sourcecode.swift; path = Constants.swift; sourceTree = "<group>"; };
		52F7E45A253C9742003387EE /* ServiceManager.swift */ = {isa = PBXFileReference; lastKnownFileType = sourcecode.swift; path = ServiceManager.swift; sourceTree = "<group>"; };
		52F7E45E253C9AF5003387EE /* LocationHandler.swift */ = {isa = PBXFileReference; lastKnownFileType = sourcecode.swift; path = LocationHandler.swift; sourceTree = "<group>"; };
		52F7E460253C9B3B003387EE /* AlertHandler.swift */ = {isa = PBXFileReference; lastKnownFileType = sourcecode.swift; path = AlertHandler.swift; sourceTree = "<group>"; };
		52F7E46A253C9C83003387EE /* Place.swift */ = {isa = PBXFileReference; lastKnownFileType = sourcecode.swift; path = Place.swift; sourceTree = "<group>"; };
		52F7E46C253C9CC0003387EE /* GooglePlaceViewController.swift */ = {isa = PBXFileReference; lastKnownFileType = sourcecode.swift; path = GooglePlaceViewController.swift; sourceTree = "<group>"; };
		52F7E46E253C9CEF003387EE /* SearchPlaceViewModel.swift */ = {isa = PBXFileReference; lastKnownFileType = sourcecode.swift; path = SearchPlaceViewModel.swift; sourceTree = "<group>"; };
		52F7E471253C9EE6003387EE /* UIApplication+Ext.swift */ = {isa = PBXFileReference; lastKnownFileType = sourcecode.swift; path = "UIApplication+Ext.swift"; sourceTree = "<group>"; };
		52F7E474253CA4FA003387EE /* iOSPlaceViewController.swift */ = {isa = PBXFileReference; lastKnownFileType = sourcecode.swift; path = iOSPlaceViewController.swift; sourceTree = "<group>"; };
		52F7E476253D29E8003387EE /* CustomAnnotations.swift */ = {isa = PBXFileReference; lastKnownFileType = sourcecode.swift; path = CustomAnnotations.swift; sourceTree = "<group>"; };
		52F7E479253D5447003387EE /* SearchTableViewCell.swift */ = {isa = PBXFileReference; lastKnownFileType = sourcecode.swift; path = SearchTableViewCell.swift; sourceTree = "<group>"; };
		52F7E47A253D5447003387EE /* SearchTableViewCell.xib */ = {isa = PBXFileReference; lastKnownFileType = file.xib; path = SearchTableViewCell.xib; sourceTree = "<group>"; };
		52F7E47E253D77E7003387EE /* CategoriesViewController.swift */ = {isa = PBXFileReference; lastKnownFileType = sourcecode.swift; path = CategoriesViewController.swift; sourceTree = "<group>"; };
		52F7E483253D78EF003387EE /* PlaceDetails.swift */ = {isa = PBXFileReference; lastKnownFileType = sourcecode.swift; path = PlaceDetails.swift; sourceTree = "<group>"; };
		52F7E486253E095A003387EE /* UIView+Ext.swift */ = {isa = PBXFileReference; lastKnownFileType = sourcecode.swift; path = "UIView+Ext.swift"; sourceTree = "<group>"; };
		52F7E489253E0C99003387EE /* MarkerView.xib */ = {isa = PBXFileReference; lastKnownFileType = file.xib; path = MarkerView.xib; sourceTree = "<group>"; };
		52F7E48B253E0CE8003387EE /* MarkerView.swift */ = {isa = PBXFileReference; lastKnownFileType = sourcecode.swift; path = MarkerView.swift; sourceTree = "<group>"; };
		52F7E48D253E0E99003387EE /* UIImageView+Ext.swift */ = {isa = PBXFileReference; lastKnownFileType = sourcecode.swift; path = "UIImageView+Ext.swift"; sourceTree = "<group>"; };
		52F7E490253F3DE5003387EE /* CategoriesDataSource.swift */ = {isa = PBXFileReference; lastKnownFileType = sourcecode.swift; path = CategoriesDataSource.swift; sourceTree = "<group>"; };
		52F7E492253F40B3003387EE /* AnnotationHandler.swift */ = {isa = PBXFileReference; lastKnownFileType = sourcecode.swift; path = AnnotationHandler.swift; sourceTree = "<group>"; };
		52F7E496253F7861003387EE /* SearchComplitionResults.swift */ = {isa = PBXFileReference; lastKnownFileType = sourcecode.swift; path = SearchComplitionResults.swift; sourceTree = "<group>"; };
		52F7E49B25411D51003387EE /* AnnotationTableViewCell.swift */ = {isa = PBXFileReference; lastKnownFileType = sourcecode.swift; path = AnnotationTableViewCell.swift; sourceTree = "<group>"; };
		52F7E49C25411D51003387EE /* AnnotationTableViewCell.xib */ = {isa = PBXFileReference; lastKnownFileType = file.xib; path = AnnotationTableViewCell.xib; sourceTree = "<group>"; };
		52F7E4A425414ACD003387EE /* CustomAnnotationView.swift */ = {isa = PBXFileReference; lastKnownFileType = sourcecode.swift; path = CustomAnnotationView.swift; sourceTree = "<group>"; };
		52F7E4A82541EBF2003387EE /* PlaceInformationView.swift */ = {isa = PBXFileReference; lastKnownFileType = sourcecode.swift; path = PlaceInformationView.swift; sourceTree = "<group>"; };
		52F7E4E025429B01003387EE /* Geocoder.swift */ = {isa = PBXFileReference; lastKnownFileType = sourcecode.swift; path = Geocoder.swift; sourceTree = "<group>"; };
		52F7E4E22542A494003387EE /* LocalSearch.swift */ = {isa = PBXFileReference; lastKnownFileType = sourcecode.swift; path = LocalSearch.swift; sourceTree = "<group>"; };
		75A262A044047A88B699F08C /* Pods_PlaceFinder.framework */ = {isa = PBXFileReference; explicitFileType = wrapper.framework; includeInIndex = 0; path = Pods_PlaceFinder.framework; sourceTree = BUILT_PRODUCTS_DIR; };
/* End PBXFileReference section */

/* Begin PBXFrameworksBuildPhase section */
		52F7E437253C9580003387EE /* Frameworks */ = {
			isa = PBXFrameworksBuildPhase;
			buildActionMask = 2147483647;
			files = (
				26F2CD44A4DE5A61C37CC700 /* Pods_PlaceFinder.framework in Frameworks */,
			);
			runOnlyForDeploymentPostprocessing = 0;
		};
/* End PBXFrameworksBuildPhase section */

/* Begin PBXGroup section */
		528D77A025437666000FC383 /* Controller */ = {
			isa = PBXGroup;
			children = (
				52F7E4A82541EBF2003387EE /* PlaceInformationView.swift */,
				528D77A1254386BD000FC383 /* PlaceInformationView.xib */,
			);
			path = Controller;
			sourceTree = "<group>";
		};
		52F7E431253C9580003387EE = {
			isa = PBXGroup;
			children = (
				52F7E43C253C9580003387EE /* PlaceFinder */,
				52F7E43B253C9580003387EE /* Products */,
				B286D2C3B2119349027C78E6 /* Pods */,
				E37780105578A8C98461A6AB /* Frameworks */,
			);
			sourceTree = "<group>";
		};
		52F7E43B253C9580003387EE /* Products */ = {
			isa = PBXGroup;
			children = (
				52F7E43A253C9580003387EE /* PlaceFinder.app */,
			);
			name = Products;
			sourceTree = "<group>";
		};
		52F7E43C253C9580003387EE /* PlaceFinder */ = {
			isa = PBXGroup;
			children = (
				52F7E462253C9BB0003387EE /* Screens */,
				52F7E45D253C99A8003387EE /* Common */,
				52F7E452253C963C003387EE /* Storyboard */,
				52F7E451253C963B003387EE /* Support Files */,
				52F7E441253C9580003387EE /* ViewController.swift */,
				52F7E446253C9585003387EE /* Assets.xcassets */,
			);
			path = PlaceFinder;
			sourceTree = "<group>";
		};
		52F7E451253C963B003387EE /* Support Files */ = {
			isa = PBXGroup;
			children = (
				52F7E44B253C9585003387EE /* Info.plist */,
				52F7E43F253C9580003387EE /* SceneDelegate.swift */,
				52F7E43D253C9580003387EE /* AppDelegate.swift */,
			);
			path = "Support Files";
			sourceTree = "<group>";
		};
		52F7E452253C963C003387EE /* Storyboard */ = {
			isa = PBXGroup;
			children = (
				52F7E448253C9585003387EE /* LaunchScreen.storyboard */,
				52F7E443253C9580003387EE /* Main.storyboard */,
			);
			path = Storyboard;
			sourceTree = "<group>";
		};
		52F7E453253C963D003387EE /* Model */ = {
			isa = PBXGroup;
			children = (
				52F7E483253D78EF003387EE /* PlaceDetails.swift */,
			);
			path = Model;
			sourceTree = "<group>";
		};
		52F7E454253C9692003387EE /* ServiceManager */ = {
			isa = PBXGroup;
			children = (
				52F7E45A253C9742003387EE /* ServiceManager.swift */,
			);
			path = ServiceManager;
			sourceTree = "<group>";
		};
		52F7E455253C9692003387EE /* LocationHandler */ = {
			isa = PBXGroup;
			children = (
				52F7E45E253C9AF5003387EE /* LocationHandler.swift */,
			);
			path = LocationHandler;
			sourceTree = "<group>";
		};
		52F7E456253C9693003387EE /* AlertHandler */ = {
			isa = PBXGroup;
			children = (
				52F7E460253C9B3B003387EE /* AlertHandler.swift */,
			);
			path = AlertHandler;
			sourceTree = "<group>";
		};
		52F7E457253C96DB003387EE /* Constants */ = {
			isa = PBXGroup;
			children = (
				52F7E458253C96FB003387EE /* Constants.swift */,
			);
			path = Constants;
			sourceTree = "<group>";
		};
		52F7E45D253C99A8003387EE /* Common */ = {
			isa = PBXGroup;
			children = (
				52F7E48F253F3D9D003387EE /* Categories */,
				52F7E470253C9EA0003387EE /* Extensions */,
				52F7E454253C9692003387EE /* ServiceManager */,
				52F7E457253C96DB003387EE /* Constants */,
				52F7E456253C9693003387EE /* AlertHandler */,
				52F7E455253C9692003387EE /* LocationHandler */,
			);
			path = Common;
			sourceTree = "<group>";
		};
		52F7E462253C9BB0003387EE /* Screens */ = {
			isa = PBXGroup;
			children = (
				52F7E464253C9BE6003387EE /* GooglePlaces */,
				52F7E463253C9BD3003387EE /* iOSPlaces */,
			);
			path = Screens;
			sourceTree = "<group>";
		};
		52F7E463253C9BD3003387EE /* iOSPlaces */ = {
			isa = PBXGroup;
			children = (
				52F7E478253D31A2003387EE /* Anotations */,
				52F7E4A025414568003387EE /* SearchPlace */,
				52F7E47D253D7793003387EE /* Categories */,
			);
			path = iOSPlaces;
			sourceTree = "<group>";
		};
		52F7E464253C9BE6003387EE /* GooglePlaces */ = {
			isa = PBXGroup;
			children = (
				52F7E49A25411CFE003387EE /* CustomAnnotationView */,
				52F7E465253C9C39003387EE /* SearchPlace */,
			);
			path = GooglePlaces;
			sourceTree = "<group>";
		};
		52F7E465253C9C39003387EE /* SearchPlace */ = {
			isa = PBXGroup;
			children = (
				52F7E469253C9C71003387EE /* Model */,
				52F7E468253C9C64003387EE /* ViewModel */,
				52F7E466253C9C4B003387EE /* Controller */,
			);
			path = SearchPlace;
			sourceTree = "<group>";
		};
		52F7E466253C9C4B003387EE /* Controller */ = {
			isa = PBXGroup;
			children = (
				52F7E46C253C9CC0003387EE /* GooglePlaceViewController.swift */,
			);
			path = Controller;
			sourceTree = "<group>";
		};
		52F7E467253C9C56003387EE /* View */ = {
			isa = PBXGroup;
			children = (
				52F7E479253D5447003387EE /* SearchTableViewCell.swift */,
				52F7E47A253D5447003387EE /* SearchTableViewCell.xib */,
			);
			path = View;
			sourceTree = "<group>";
		};
		52F7E468253C9C64003387EE /* ViewModel */ = {
			isa = PBXGroup;
			children = (
				52F7E46E253C9CEF003387EE /* SearchPlaceViewModel.swift */,
			);
			path = ViewModel;
			sourceTree = "<group>";
		};
		52F7E469253C9C71003387EE /* Model */ = {
			isa = PBXGroup;
			children = (
				52F7E46A253C9C83003387EE /* Place.swift */,
			);
			path = Model;
			sourceTree = "<group>";
		};
		52F7E470253C9EA0003387EE /* Extensions */ = {
			isa = PBXGroup;
			children = (
				52F7E471253C9EE6003387EE /* UIApplication+Ext.swift */,
				52F7E486253E095A003387EE /* UIView+Ext.swift */,
				52F7E48D253E0E99003387EE /* UIImageView+Ext.swift */,
			);
			path = Extensions;
			sourceTree = "<group>";
		};
		52F7E473253CA44A003387EE /* Controller */ = {
			isa = PBXGroup;
			children = (
				52F7E474253CA4FA003387EE /* iOSPlaceViewController.swift */,
			);
			path = Controller;
			sourceTree = "<group>";
		};
		52F7E478253D31A2003387EE /* Anotations */ = {
			isa = PBXGroup;
			children = (
				52F7E4A625414FD6003387EE /* Annotations */,
				52F7E4A125414A61003387EE /* CustomAnnotaion */,
			);
			path = Anotations;
			sourceTree = "<group>";
		};
		52F7E47D253D7793003387EE /* Categories */ = {
			isa = PBXGroup;
			children = (
				52F7E467253C9C56003387EE /* View */,
				52F7E485253D7FF1003387EE /* Controller */,
			);
			path = Categories;
			sourceTree = "<group>";
		};
		52F7E485253D7FF1003387EE /* Controller */ = {
			isa = PBXGroup;
			children = (
				52F7E47E253D77E7003387EE /* CategoriesViewController.swift */,
			);
			path = Controller;
			sourceTree = "<group>";
		};
		52F7E488253E0BD5003387EE /* View */ = {
			isa = PBXGroup;
			children = (
				52F7E49C25411D51003387EE /* AnnotationTableViewCell.xib */,
				52F7E49B25411D51003387EE /* AnnotationTableViewCell.swift */,
			);
			path = View;
			sourceTree = "<group>";
		};
		52F7E48F253F3D9D003387EE /* Categories */ = {
			isa = PBXGroup;
			children = (
				52F7E490253F3DE5003387EE /* CategoriesDataSource.swift */,
			);
			path = Categories;
			sourceTree = "<group>";
		};
		52F7E495253F7749003387EE /* ViewModel */ = {
			isa = PBXGroup;
			children = (
				52F7E496253F7861003387EE /* SearchComplitionResults.swift */,
			);
			path = ViewModel;
			sourceTree = "<group>";
		};
		52F7E49A25411CFE003387EE /* CustomAnnotationView */ = {
			isa = PBXGroup;
			children = (
				52F7E49F254120EC003387EE /* Controller */,
				52F7E488253E0BD5003387EE /* View */,
			);
			path = CustomAnnotationView;
			sourceTree = "<group>";
		};
		52F7E49F254120EC003387EE /* Controller */ = {
			isa = PBXGroup;
			children = (
				52F7E48B253E0CE8003387EE /* MarkerView.swift */,
				52F7E489253E0C99003387EE /* MarkerView.xib */,
			);
			path = Controller;
			sourceTree = "<group>";
		};
		52F7E4A025414568003387EE /* SearchPlace */ = {
			isa = PBXGroup;
			children = (
				52F7E4DF25429AD0003387EE /* Helper */,
				52F7E495253F7749003387EE /* ViewModel */,
				52F7E453253C963D003387EE /* Model */,
				52F7E473253CA44A003387EE /* Controller */,
			);
			path = SearchPlace;
			sourceTree = "<group>";
		};
		52F7E4A125414A61003387EE /* CustomAnnotaion */ = {
			isa = PBXGroup;
			children = (
				52F7E4A72541EB8F003387EE /* PlaceInformation */,
				52F7E4A425414ACD003387EE /* CustomAnnotationView.swift */,
			);
			path = CustomAnnotaion;
			sourceTree = "<group>";
		};
		52F7E4A625414FD6003387EE /* Annotations */ = {
			isa = PBXGroup;
			children = (
				52F7E492253F40B3003387EE /* AnnotationHandler.swift */,
				52F7E476253D29E8003387EE /* CustomAnnotations.swift */,
			);
			path = Annotations;
			sourceTree = "<group>";
		};
		52F7E4A72541EB8F003387EE /* PlaceInformation */ = {
			isa = PBXGroup;
			children = (
				528D77A025437666000FC383 /* Controller */,
			);
			path = PlaceInformation;
			sourceTree = "<group>";
		};
		52F7E4DF25429AD0003387EE /* Helper */ = {
			isa = PBXGroup;
			children = (
				52F7E4E025429B01003387EE /* Geocoder.swift */,
				52F7E4E22542A494003387EE /* LocalSearch.swift */,
			);
			path = Helper;
			sourceTree = "<group>";
		};
		B286D2C3B2119349027C78E6 /* Pods */ = {
			isa = PBXGroup;
			children = (
				39E460FB4ACC3FC246F56C56 /* Pods-PlaceFinder.debug.xcconfig */,
				208D81ECA9CEF268E0BFC9CC /* Pods-PlaceFinder.release.xcconfig */,
			);
			path = Pods;
			sourceTree = "<group>";
		};
		E37780105578A8C98461A6AB /* Frameworks */ = {
			isa = PBXGroup;
			children = (
				75A262A044047A88B699F08C /* Pods_PlaceFinder.framework */,
			);
			name = Frameworks;
			sourceTree = "<group>";
		};
/* End PBXGroup section */

/* Begin PBXNativeTarget section */
		52F7E439253C9580003387EE /* PlaceFinder */ = {
			isa = PBXNativeTarget;
			buildConfigurationList = 52F7E44E253C9585003387EE /* Build configuration list for PBXNativeTarget "PlaceFinder" */;
			buildPhases = (
				DC64515E6B064ECC6AFD4B9B /* [CP] Check Pods Manifest.lock */,
				52F7E436253C9580003387EE /* Sources */,
				52F7E437253C9580003387EE /* Frameworks */,
				52F7E438253C9580003387EE /* Resources */,
				3A1752F6728F04551D3DABE7 /* [CP] Copy Pods Resources */,
				52F7E45C253C97B6003387EE /* ShellScript */,
			);
			buildRules = (
			);
			dependencies = (
			);
			name = PlaceFinder;
			productName = PlaceFinder;
			productReference = 52F7E43A253C9580003387EE /* PlaceFinder.app */;
			productType = "com.apple.product-type.application";
		};
/* End PBXNativeTarget section */

/* Begin PBXProject section */
		52F7E432253C9580003387EE /* Project object */ = {
			isa = PBXProject;
			attributes = {
				LastSwiftUpdateCheck = 1170;
				LastUpgradeCheck = 1170;
				ORGANIZATIONNAME = Milton;
				TargetAttributes = {
					52F7E439253C9580003387EE = {
						CreatedOnToolsVersion = 11.7;
					};
				};
			};
			buildConfigurationList = 52F7E435253C9580003387EE /* Build configuration list for PBXProject "PlaceFinder" */;
			compatibilityVersion = "Xcode 9.3";
			developmentRegion = en;
			hasScannedForEncodings = 0;
			knownRegions = (
				en,
				Base,
			);
			mainGroup = 52F7E431253C9580003387EE;
			productRefGroup = 52F7E43B253C9580003387EE /* Products */;
			projectDirPath = "";
			projectRoot = "";
			targets = (
				52F7E439253C9580003387EE /* PlaceFinder */,
			);
		};
/* End PBXProject section */

/* Begin PBXResourcesBuildPhase section */
		52F7E438253C9580003387EE /* Resources */ = {
			isa = PBXResourcesBuildPhase;
			buildActionMask = 2147483647;
			files = (
				52F7E44A253C9585003387EE /* LaunchScreen.storyboard in Resources */,
				52F7E47C253D5447003387EE /* SearchTableViewCell.xib in Resources */,
				52F7E48A253E0C99003387EE /* MarkerView.xib in Resources */,
				52F7E447253C9585003387EE /* Assets.xcassets in Resources */,
				52F7E49E25411D51003387EE /* AnnotationTableViewCell.xib in Resources */,
				52F7E445253C9580003387EE /* Main.storyboard in Resources */,
				528D77A2254386BD000FC383 /* PlaceInformationView.xib in Resources */,
			);
			runOnlyForDeploymentPostprocessing = 0;
		};
/* End PBXResourcesBuildPhase section */

/* Begin PBXShellScriptBuildPhase section */
		3A1752F6728F04551D3DABE7 /* [CP] Copy Pods Resources */ = {
			isa = PBXShellScriptBuildPhase;
			buildActionMask = 2147483647;
			files = (
			);
			inputFileListPaths = (
				"${PODS_ROOT}/Target Support Files/Pods-PlaceFinder/Pods-PlaceFinder-resources-${CONFIGURATION}-input-files.xcfilelist",
			);
			name = "[CP] Copy Pods Resources";
			outputFileListPaths = (
				"${PODS_ROOT}/Target Support Files/Pods-PlaceFinder/Pods-PlaceFinder-resources-${CONFIGURATION}-output-files.xcfilelist",
			);
			runOnlyForDeploymentPostprocessing = 0;
			shellPath = /bin/sh;
			shellScript = "\"${PODS_ROOT}/Target Support Files/Pods-PlaceFinder/Pods-PlaceFinder-resources.sh\"\n";
			showEnvVarsInLog = 0;
		};
		52F7E45C253C97B6003387EE /* ShellScript */ = {
			isa = PBXShellScriptBuildPhase;
			buildActionMask = 2147483647;
			files = (
			);
			inputFileListPaths = (
			);
			inputPaths = (
			);
			outputFileListPaths = (
			);
			outputPaths = (
			);
			runOnlyForDeploymentPostprocessing = 0;
			shellPath = /bin/sh;
			shellScript = "# Type a script or drag a script file from your workspace to insert its path.\nif which swiftlint >/dev/null; then\n  swiftlint\nelse\n  echo \"error: SwiftLint not installed, download from #https://github.com/realm/SwiftLint\"\n  exit 1\nfi\n";
		};
		DC64515E6B064ECC6AFD4B9B /* [CP] Check Pods Manifest.lock */ = {
			isa = PBXShellScriptBuildPhase;
			buildActionMask = 2147483647;
			files = (
			);
			inputFileListPaths = (
			);
			inputPaths = (
				"${PODS_PODFILE_DIR_PATH}/Podfile.lock",
				"${PODS_ROOT}/Manifest.lock",
			);
			name = "[CP] Check Pods Manifest.lock";
			outputFileListPaths = (
			);
			outputPaths = (
				"$(DERIVED_FILE_DIR)/Pods-PlaceFinder-checkManifestLockResult.txt",
			);
			runOnlyForDeploymentPostprocessing = 0;
			shellPath = /bin/sh;
			shellScript = "diff \"${PODS_PODFILE_DIR_PATH}/Podfile.lock\" \"${PODS_ROOT}/Manifest.lock\" > /dev/null\nif [ $? != 0 ] ; then\n    # print error to STDERR\n    echo \"error: The sandbox is not in sync with the Podfile.lock. Run 'pod install' or update your CocoaPods installation.\" >&2\n    exit 1\nfi\n# This output is used by Xcode 'outputs' to avoid re-running this script phase.\necho \"SUCCESS\" > \"${SCRIPT_OUTPUT_FILE_0}\"\n";
			showEnvVarsInLog = 0;
		};
/* End PBXShellScriptBuildPhase section */

/* Begin PBXSourcesBuildPhase section */
		52F7E436253C9580003387EE /* Sources */ = {
			isa = PBXSourcesBuildPhase;
			buildActionMask = 2147483647;
			files = (
				52F7E493253F40B3003387EE /* AnnotationHandler.swift in Sources */,
				52F7E487253E095B003387EE /* UIView+Ext.swift in Sources */,
				52F7E442253C9580003387EE /* ViewController.swift in Sources */,
				52F7E43E253C9580003387EE /* AppDelegate.swift in Sources */,
				52F7E46F253C9CEF003387EE /* SearchPlaceViewModel.swift in Sources */,
				52F7E48E253E0E99003387EE /* UIImageView+Ext.swift in Sources */,
				52F7E48C253E0CE8003387EE /* MarkerView.swift in Sources */,
				52F7E477253D29E8003387EE /* CustomAnnotations.swift in Sources */,
				52F7E440253C9580003387EE /* SceneDelegate.swift in Sources */,
				52F7E46B253C9C83003387EE /* Place.swift in Sources */,
				52F7E45F253C9AF5003387EE /* LocationHandler.swift in Sources */,
				52F7E475253CA4FA003387EE /* iOSPlaceViewController.swift in Sources */,
				52F7E497253F7861003387EE /* SearchComplitionResults.swift in Sources */,
				52F7E484253D78EF003387EE /* PlaceDetails.swift in Sources */,
				52F7E49D25411D51003387EE /* AnnotationTableViewCell.swift in Sources */,
				52F7E4A92541EBF2003387EE /* PlaceInformationView.swift in Sources */,
				52F7E46D253C9CC0003387EE /* GooglePlaceViewController.swift in Sources */,
				52F7E459253C96FB003387EE /* Constants.swift in Sources */,
				52F7E491253F3DE5003387EE /* CategoriesDataSource.swift in Sources */,
				52F7E4E32542A494003387EE /* LocalSearch.swift in Sources */,
				52F7E45B253C9742003387EE /* ServiceManager.swift in Sources */,
				52F7E461253C9B3B003387EE /* AlertHandler.swift in Sources */,
				52F7E4E125429B01003387EE /* Geocoder.swift in Sources */,
				52F7E472253C9EE6003387EE /* UIApplication+Ext.swift in Sources */,
				52F7E47B253D5447003387EE /* SearchTableViewCell.swift in Sources */,
				52F7E4A525414ACE003387EE /* CustomAnnotationView.swift in Sources */,
				52F7E480253D77E8003387EE /* CategoriesViewController.swift in Sources */,
			);
			runOnlyForDeploymentPostprocessing = 0;
		};
/* End PBXSourcesBuildPhase section */

/* Begin PBXVariantGroup section */
		52F7E443253C9580003387EE /* Main.storyboard */ = {
			isa = PBXVariantGroup;
			children = (
				52F7E444253C9580003387EE /* Base */,
			);
			name = Main.storyboard;
			sourceTree = "<group>";
		};
		52F7E448253C9585003387EE /* LaunchScreen.storyboard */ = {
			isa = PBXVariantGroup;
			children = (
				52F7E449253C9585003387EE /* Base */,
			);
			name = LaunchScreen.storyboard;
			sourceTree = "<group>";
		};
/* End PBXVariantGroup section */

/* Begin XCBuildConfiguration section */
		52F7E44C253C9585003387EE /* Debug */ = {
			isa = XCBuildConfiguration;
			buildSettings = {
				ALWAYS_SEARCH_USER_PATHS = NO;
				CLANG_ANALYZER_NONNULL = YES;
				CLANG_ANALYZER_NUMBER_OBJECT_CONVERSION = YES_AGGRESSIVE;
				CLANG_CXX_LANGUAGE_STANDARD = "gnu++14";
				CLANG_CXX_LIBRARY = "libc++";
				CLANG_ENABLE_MODULES = YES;
				CLANG_ENABLE_OBJC_ARC = YES;
				CLANG_ENABLE_OBJC_WEAK = YES;
				CLANG_WARN_BLOCK_CAPTURE_AUTORELEASING = YES;
				CLANG_WARN_BOOL_CONVERSION = YES;
				CLANG_WARN_COMMA = YES;
				CLANG_WARN_CONSTANT_CONVERSION = YES;
				CLANG_WARN_DEPRECATED_OBJC_IMPLEMENTATIONS = YES;
				CLANG_WARN_DIRECT_OBJC_ISA_USAGE = YES_ERROR;
				CLANG_WARN_DOCUMENTATION_COMMENTS = YES;
				CLANG_WARN_EMPTY_BODY = YES;
				CLANG_WARN_ENUM_CONVERSION = YES;
				CLANG_WARN_INFINITE_RECURSION = YES;
				CLANG_WARN_INT_CONVERSION = YES;
				CLANG_WARN_NON_LITERAL_NULL_CONVERSION = YES;
				CLANG_WARN_OBJC_IMPLICIT_RETAIN_SELF = YES;
				CLANG_WARN_OBJC_LITERAL_CONVERSION = YES;
				CLANG_WARN_OBJC_ROOT_CLASS = YES_ERROR;
				CLANG_WARN_RANGE_LOOP_ANALYSIS = YES;
				CLANG_WARN_STRICT_PROTOTYPES = YES;
				CLANG_WARN_SUSPICIOUS_MOVE = YES;
				CLANG_WARN_UNGUARDED_AVAILABILITY = YES_AGGRESSIVE;
				CLANG_WARN_UNREACHABLE_CODE = YES;
				CLANG_WARN__DUPLICATE_METHOD_MATCH = YES;
				COPY_PHASE_STRIP = NO;
				DEBUG_INFORMATION_FORMAT = dwarf;
				ENABLE_STRICT_OBJC_MSGSEND = YES;
				ENABLE_TESTABILITY = YES;
				GCC_C_LANGUAGE_STANDARD = gnu11;
				GCC_DYNAMIC_NO_PIC = NO;
				GCC_NO_COMMON_BLOCKS = YES;
				GCC_OPTIMIZATION_LEVEL = 0;
				GCC_PREPROCESSOR_DEFINITIONS = (
					"DEBUG=1",
					"$(inherited)",
				);
				GCC_WARN_64_TO_32_BIT_CONVERSION = YES;
				GCC_WARN_ABOUT_RETURN_TYPE = YES_ERROR;
				GCC_WARN_UNDECLARED_SELECTOR = YES;
				GCC_WARN_UNINITIALIZED_AUTOS = YES_AGGRESSIVE;
				GCC_WARN_UNUSED_FUNCTION = YES;
				GCC_WARN_UNUSED_VARIABLE = YES;
				IPHONEOS_DEPLOYMENT_TARGET = 13.7;
				MTL_ENABLE_DEBUG_INFO = INCLUDE_SOURCE;
				MTL_FAST_MATH = YES;
				ONLY_ACTIVE_ARCH = YES;
				SDKROOT = iphoneos;
				SWIFT_ACTIVE_COMPILATION_CONDITIONS = DEBUG;
				SWIFT_OPTIMIZATION_LEVEL = "-Onone";
			};
			name = Debug;
		};
		52F7E44D253C9585003387EE /* Release */ = {
			isa = XCBuildConfiguration;
			buildSettings = {
				ALWAYS_SEARCH_USER_PATHS = NO;
				CLANG_ANALYZER_NONNULL = YES;
				CLANG_ANALYZER_NUMBER_OBJECT_CONVERSION = YES_AGGRESSIVE;
				CLANG_CXX_LANGUAGE_STANDARD = "gnu++14";
				CLANG_CXX_LIBRARY = "libc++";
				CLANG_ENABLE_MODULES = YES;
				CLANG_ENABLE_OBJC_ARC = YES;
				CLANG_ENABLE_OBJC_WEAK = YES;
				CLANG_WARN_BLOCK_CAPTURE_AUTORELEASING = YES;
				CLANG_WARN_BOOL_CONVERSION = YES;
				CLANG_WARN_COMMA = YES;
				CLANG_WARN_CONSTANT_CONVERSION = YES;
				CLANG_WARN_DEPRECATED_OBJC_IMPLEMENTATIONS = YES;
				CLANG_WARN_DIRECT_OBJC_ISA_USAGE = YES_ERROR;
				CLANG_WARN_DOCUMENTATION_COMMENTS = YES;
				CLANG_WARN_EMPTY_BODY = YES;
				CLANG_WARN_ENUM_CONVERSION = YES;
				CLANG_WARN_INFINITE_RECURSION = YES;
				CLANG_WARN_INT_CONVERSION = YES;
				CLANG_WARN_NON_LITERAL_NULL_CONVERSION = YES;
				CLANG_WARN_OBJC_IMPLICIT_RETAIN_SELF = YES;
				CLANG_WARN_OBJC_LITERAL_CONVERSION = YES;
				CLANG_WARN_OBJC_ROOT_CLASS = YES_ERROR;
				CLANG_WARN_RANGE_LOOP_ANALYSIS = YES;
				CLANG_WARN_STRICT_PROTOTYPES = YES;
				CLANG_WARN_SUSPICIOUS_MOVE = YES;
				CLANG_WARN_UNGUARDED_AVAILABILITY = YES_AGGRESSIVE;
				CLANG_WARN_UNREACHABLE_CODE = YES;
				CLANG_WARN__DUPLICATE_METHOD_MATCH = YES;
				COPY_PHASE_STRIP = NO;
				DEBUG_INFORMATION_FORMAT = "dwarf-with-dsym";
				ENABLE_NS_ASSERTIONS = NO;
				ENABLE_STRICT_OBJC_MSGSEND = YES;
				GCC_C_LANGUAGE_STANDARD = gnu11;
				GCC_NO_COMMON_BLOCKS = YES;
				GCC_WARN_64_TO_32_BIT_CONVERSION = YES;
				GCC_WARN_ABOUT_RETURN_TYPE = YES_ERROR;
				GCC_WARN_UNDECLARED_SELECTOR = YES;
				GCC_WARN_UNINITIALIZED_AUTOS = YES_AGGRESSIVE;
				GCC_WARN_UNUSED_FUNCTION = YES;
				GCC_WARN_UNUSED_VARIABLE = YES;
				IPHONEOS_DEPLOYMENT_TARGET = 13.7;
				MTL_ENABLE_DEBUG_INFO = NO;
				MTL_FAST_MATH = YES;
				SDKROOT = iphoneos;
				SWIFT_COMPILATION_MODE = wholemodule;
				SWIFT_OPTIMIZATION_LEVEL = "-O";
				VALIDATE_PRODUCT = YES;
			};
			name = Release;
		};
		52F7E44F253C9585003387EE /* Debug */ = {
			isa = XCBuildConfiguration;
			baseConfigurationReference = 39E460FB4ACC3FC246F56C56 /* Pods-PlaceFinder.debug.xcconfig */;
			buildSettings = {
				ASSETCATALOG_COMPILER_APPICON_NAME = AppIcon;
				CODE_SIGN_STYLE = Automatic;
				DEVELOPMENT_TEAM = XWYBXAANR7;
				INFOPLIST_FILE = "PlaceFinder/Support Files/Info.plist";
				IPHONEOS_DEPLOYMENT_TARGET = 11.0;
				LD_RUNPATH_SEARCH_PATHS = (
					"$(inherited)",
					"@executable_path/Frameworks",
				);
				PRODUCT_BUNDLE_IDENTIFIER = com.MiltonPalaguachi.PlaceFinder;
				PRODUCT_NAME = "$(TARGET_NAME)";
				SWIFT_VERSION = 5.0;
				TARGETED_DEVICE_FAMILY = "1,2";
			};
			name = Debug;
		};
		52F7E450253C9585003387EE /* Release */ = {
			isa = XCBuildConfiguration;
			baseConfigurationReference = 208D81ECA9CEF268E0BFC9CC /* Pods-PlaceFinder.release.xcconfig */;
			buildSettings = {
				ASSETCATALOG_COMPILER_APPICON_NAME = AppIcon;
				CODE_SIGN_STYLE = Automatic;
				DEVELOPMENT_TEAM = XWYBXAANR7;
				INFOPLIST_FILE = "PlaceFinder/Support Files/Info.plist";
				IPHONEOS_DEPLOYMENT_TARGET = 11.0;
				LD_RUNPATH_SEARCH_PATHS = (
					"$(inherited)",
					"@executable_path/Frameworks",
				);
				PRODUCT_BUNDLE_IDENTIFIER = com.MiltonPalaguachi.PlaceFinder;
				PRODUCT_NAME = "$(TARGET_NAME)";
				SWIFT_VERSION = 5.0;
				TARGETED_DEVICE_FAMILY = "1,2";
			};
			name = Release;
		};
/* End XCBuildConfiguration section */

/* Begin XCConfigurationList section */
		52F7E435253C9580003387EE /* Build configuration list for PBXProject "PlaceFinder" */ = {
			isa = XCConfigurationList;
			buildConfigurations = (
				52F7E44C253C9585003387EE /* Debug */,
				52F7E44D253C9585003387EE /* Release */,
			);
			defaultConfigurationIsVisible = 0;
			defaultConfigurationName = Release;
		};
		52F7E44E253C9585003387EE /* Build configuration list for PBXNativeTarget "PlaceFinder" */ = {
			isa = XCConfigurationList;
			buildConfigurations = (
				52F7E44F253C9585003387EE /* Debug */,
				52F7E450253C9585003387EE /* Release */,
			);
			defaultConfigurationIsVisible = 0;
			defaultConfigurationName = Release;
		};
/* End XCConfigurationList section */
	};
	rootObject = 52F7E432253C9580003387EE /* Project object */;
}
